Microsoft Visual Studio Solution File, Format Version 10.00
# Visual Studio 2008
Project("{FAE04EC0-301F-11D3-BF4B-00C04F79EFBC}") = "TheMatrix", "TheMatrix.csproj", "{CBA7E9EB-1585-4D82-855A-FDEF8FCC1962}"
EndProject
Global
	GlobalSection(SolutionConfigurationPlatforms) = preSolution
		Debug|Any CPU = Debug|Any CPU
		Release|Any CPU = Release|Any CPU
	EndGlobalSection
	GlobalSection(ProjectConfigurationPlatforms) = postSolution
		{CBA7E9EB-1585-4D82-855A-FDEF8FCC1962}.Debug|Any CPU.ActiveCfg = Debug|Any CPU
		{CBA7E9EB-1585-4D82-855A-FDEF8FCC1962}.Debug|Any CPU.Build.0 = Debug|Any CPU
		{CBA7E9EB-1585-4D82-855A-FDEF8FCC1962}.Release|Any CPU.ActiveCfg = Release|Any CPU
		{CBA7E9EB-1585-4D82-855A-FDEF8FCC1962}.Release|Any CPU.Build.0 = Release|Any CPU
	EndGlobalSection
	GlobalSection(SolutionProperties) = preSolution
		HideSolutionNode = FALSE
	EndGlobalSection
EndGlobal
